
Microsoft Visual Studio Solution File, Format Version 12.00
# Visual Studio Version 17
VisualStudioVersion = 17.1.32414.318
MinimumVisualStudioVersion = 10.0.40219.1
Project("{8BC9CEB8-8B4A-11D0-8D11-00A0C91BC942}") = "数据结构课设—C语言实现通讯录管理系统（顺序表实现）", "数据结构课设—C语言实现通讯录管理系统（顺序表实现）\数据结构课设—C语言实现通讯录管理系统（顺序表实现）.vcxproj", "{7DEBF9C1-667C-42BD-A438-C8A71696B14F}"
EndProject
Global
	GlobalSection(SolutionConfigurationPlatforms) = preSolution
		Debug|x64 = Debug|x64
		Debug|x86 = Debug|x86
		Release|x64 = Release|x64
		Release|x86 = Release|x86
	EndGlobalSection
	GlobalSection(ProjectConfigurationPlatforms) = postSolution
		{7DEBF9C1-667C-42BD-A438-C8A71696B14F}.Debug|x64.ActiveCfg = Debug|x64
		{7DEBF9C1-667C-42BD-A438-C8A71696B14F}.Debug|x64.Build.0 = Debug|x64
		{7DEBF9C1-667C-42BD-A438-C8A71696B14F}.Debug|x86.ActiveCfg = Debug|Win32
		{7DEBF9C1-667C-42BD-A438-C8A71696B14F}.Debug|x86.Build.0 = Debug|Win32
		{7DEBF9C1-667C-42BD-A438-C8A71696B14F}.Release|x64.ActiveCfg = Release|x64
		{7DEBF9C1-667C-42BD-A438-C8A71696B14F}.Release|x64.Build.0 = Release|x64
		{7DEBF9C1-667C-42BD-A438-C8A71696B14F}.Release|x86.ActiveCfg = Release|Win32
		{7DEBF9C1-667C-42BD-A438-C8A71696B14F}.Release|x86.Build.0 = Release|Win32
	EndGlobalSection
	GlobalSection(SolutionProperties) = preSolution
		HideSolutionNode = FALSE
	EndGlobalSection
	GlobalSection(ExtensibilityGlobals) = postSolution
		SolutionGuid = {6E0A232E-55EF-474A-B081-435AA415CA4A}
	EndGlobalSection
EndGlobal
